// !$*UTF8*$!
{
	archiveVersion = 1;
	classes = {
	};
	objectVersion = 46;
	objects = {

/* Begin PBXBuildFile section */
		8B0BC3B01E1AE7590029614F /* AppDelegate.swift in Sources */ = {isa = PBXBuildFile; fileRef = 8B0BC3AF1E1AE7590029614F /* AppDelegate.swift */; };
		8B0BC3B51E1AE75A0029614F /* Main.storyboard in Resources */ = {isa = PBXBuildFile; fileRef = 8B0BC3B31E1AE75A0029614F /* Main.storyboard */; };
		8B0BC3B71E1AE75A0029614F /* Assets.xcassets in Resources */ = {isa = PBXBuildFile; fileRef = 8B0BC3B61E1AE75A0029614F /* Assets.xcassets */; };
		8B0BC3BA1E1AE75A0029614F /* LaunchScreen.storyboard in Resources */ = {isa = PBXBuildFile; fileRef = 8B0BC3B81E1AE75A0029614F /* LaunchScreen.storyboard */; };
		8B0BC3C51E1AE75A0029614F /* PrioritiesTests.swift in Sources */ = {isa = PBXBuildFile; fileRef = 8B0BC3C41E1AE75A0029614F /* PrioritiesTests.swift */; };
		8B0BC3D01E1AE75A0029614F /* PrioritiesUITests.swift in Sources */ = {isa = PBXBuildFile; fileRef = 8B0BC3CF1E1AE75A0029614F /* PrioritiesUITests.swift */; };
		8B0BC3DE1E1AE83D0029614F /* Task.swift in Sources */ = {isa = PBXBuildFile; fileRef = 8B0BC3DD1E1AE83D0029614F /* Task.swift */; };
		8B0BC3E01E1AEA0E0029614F /* HourMinSec.swift in Sources */ = {isa = PBXBuildFile; fileRef = 8B0BC3DF1E1AEA0E0029614F /* HourMinSec.swift */; };
		8B0BC3E21E1B0FB10029614F /* TaskBank.swift in Sources */ = {isa = PBXBuildFile; fileRef = 8B0BC3E11E1B0FB10029614F /* TaskBank.swift */; };
		8B0BC3E41E1B15EB0029614F /* TasksViewController.swift in Sources */ = {isa = PBXBuildFile; fileRef = 8B0BC3E31E1B15EB0029614F /* TasksViewController.swift */; };
		8B4696421E59668B009D28ED /* ReminderDate.swift in Sources */ = {isa = PBXBuildFile; fileRef = 8B4696411E59668B009D28ED /* ReminderDate.swift */; };
		8B504A011E68A12B0024B8EC /* AddOneTimeViewController.swift in Sources */ = {isa = PBXBuildFile; fileRef = 8B504A001E68A12B0024B8EC /* AddOneTimeViewController.swift */; };
		8B504A031E68C6760024B8EC /* AddRepetitiveViewController.swift in Sources */ = {isa = PBXBuildFile; fileRef = 8B504A021E68C6760024B8EC /* AddRepetitiveViewController.swift */; };
		8B504A051E68F6EB0024B8EC /* AddTaskTimePickerController.swift in Sources */ = {isa = PBXBuildFile; fileRef = 8B504A041E68F6EB0024B8EC /* AddTaskTimePickerController.swift */; };
		8B504A071E6904120024B8EC /* AddTaskIntPickerController.swift in Sources */ = {isa = PBXBuildFile; fileRef = 8B504A061E6904120024B8EC /* AddTaskIntPickerController.swift */; };
		8B5405B61E5C795700CEA435 /* NotesViewController.swift in Sources */ = {isa = PBXBuildFile; fileRef = 8B5405B51E5C795700CEA435 /* NotesViewController.swift */; };
		8B56C5831E699D7300E2341D /* OneTimeDetailController.swift in Sources */ = {isa = PBXBuildFile; fileRef = 8B56C5821E699D7300E2341D /* OneTimeDetailController.swift */; };
		8B56C5851E69B21700E2341D /* CheckOffDetailController.swift in Sources */ = {isa = PBXBuildFile; fileRef = 8B56C5841E69B21700E2341D /* CheckOffDetailController.swift */; };
		8B56C5871E69B93800E2341D /* TimedDetailController.swift in Sources */ = {isa = PBXBuildFile; fileRef = 8B56C5861E69B93800E2341D /* TimedDetailController.swift */; };
		8B6CA3361E2A86A30036EC67 /* TaskCell.swift in Sources */ = {isa = PBXBuildFile; fileRef = 8B6CA3351E2A86A30036EC67 /* TaskCell.swift */; };
		8B73E7CB1E4FCEF100B0C032 /* Reminder.swift in Sources */ = {isa = PBXBuildFile; fileRef = 8B73E7CA1E4FCEF100B0C032 /* Reminder.swift */; };
		8B91C8851E595CCA0089F477 /* ReminderPickerController.swift in Sources */ = {isa = PBXBuildFile; fileRef = 8B91C8841E595CCA0089F477 /* ReminderPickerController.swift */; };
		8BDE5DF41E3ADDF90068B153 /* DayMonthYear.swift in Sources */ = {isa = PBXBuildFile; fileRef = 8BDE5DF31E3ADDF90068B153 /* DayMonthYear.swift */; };
		8BFA5C341E3D72E80049E4C4 /* TimeSelectorViewController.swift in Sources */ = {isa = PBXBuildFile; fileRef = 8BFA5C331E3D72E80049E4C4 /* TimeSelectorViewController.swift */; };
/* End PBXBuildFile section */

/* Begin PBXContainerItemProxy section */
		8B0BC3C11E1AE75A0029614F /* PBXContainerItemProxy */ = {
			isa = PBXContainerItemProxy;
			containerPortal = 8B0BC3A41E1AE7590029614F /* Project object */;
			proxyType = 1;
			remoteGlobalIDString = 8B0BC3AB1E1AE7590029614F;
			remoteInfo = Priorities;
		};
		8B0BC3CC1E1AE75A0029614F /* PBXContainerItemProxy */ = {
			isa = PBXContainerItemProxy;
			containerPortal = 8B0BC3A41E1AE7590029614F /* Project object */;
			proxyType = 1;
			remoteGlobalIDString = 8B0BC3AB1E1AE7590029614F;
			remoteInfo = Priorities;
		};
/* End PBXContainerItemProxy section */

/* Begin PBXFileReference section */
		8B0BC3AC1E1AE7590029614F /* Priorities.app */ = {isa = PBXFileReference; explicitFileType = wrapper.application; includeInIndex = 0; path = Priorities.app; sourceTree = BUILT_PRODUCTS_DIR; };
		8B0BC3AF1E1AE7590029614F /* AppDelegate.swift */ = {isa = PBXFileReference; lastKnownFileType = sourcecode.swift; path = AppDelegate.swift; sourceTree = "<group>"; };
		8B0BC3B41E1AE75A0029614F /* Base */ = {isa = PBXFileReference; lastKnownFileType = file.storyboard; name = Base; path = Base.lproj/Main.storyboard; sourceTree = "<group>"; };
		8B0BC3B61E1AE75A0029614F /* Assets.xcassets */ = {isa = PBXFileReference; lastKnownFileType = folder.assetcatalog; path = Assets.xcassets; sourceTree = "<group>"; };
		8B0BC3B91E1AE75A0029614F /* Base */ = {isa = PBXFileReference; lastKnownFileType = file.storyboard; name = Base; path = Base.lproj/LaunchScreen.storyboard; sourceTree = "<group>"; };
		8B0BC3BB1E1AE75A0029614F /* Info.plist */ = {isa = PBXFileReference; lastKnownFileType = text.plist.xml; path = Info.plist; sourceTree = "<group>"; };
		8B0BC3C01E1AE75A0029614F /* PrioritiesTests.xctest */ = {isa = PBXFileReference; explicitFileType = wrapper.cfbundle; includeInIndex = 0; path = PrioritiesTests.xctest; sourceTree = BUILT_PRODUCTS_DIR; };
		8B0BC3C41E1AE75A0029614F /* PrioritiesTests.swift */ = {isa = PBXFileReference; lastKnownFileType = sourcecode.swift; path = PrioritiesTests.swift; sourceTree = "<group>"; };
		8B0BC3C61E1AE75A0029614F /* Info.plist */ = {isa = PBXFileReference; lastKnownFileType = text.plist.xml; path = Info.plist; sourceTree = "<group>"; };
		8B0BC3CB1E1AE75A0029614F /* PrioritiesUITests.xctest */ = {isa = PBXFileReference; explicitFileType = wrapper.cfbundle; includeInIndex = 0; path = PrioritiesUITests.xctest; sourceTree = BUILT_PRODUCTS_DIR; };
		8B0BC3CF1E1AE75A0029614F /* PrioritiesUITests.swift */ = {isa = PBXFileReference; lastKnownFileType = sourcecode.swift; path = PrioritiesUITests.swift; sourceTree = "<group>"; };
		8B0BC3D11E1AE75A0029614F /* Info.plist */ = {isa = PBXFileReference; lastKnownFileType = text.plist.xml; path = Info.plist; sourceTree = "<group>"; };
		8B0BC3DD1E1AE83D0029614F /* Task.swift */ = {isa = PBXFileReference; fileEncoding = 4; lastKnownFileType = sourcecode.swift; path = Task.swift; sourceTree = "<group>"; };
		8B0BC3DF1E1AEA0E0029614F /* HourMinSec.swift */ = {isa = PBXFileReference; fileEncoding = 4; lastKnownFileType = sourcecode.swift; path = HourMinSec.swift; sourceTree = "<group>"; };
		8B0BC3E11E1B0FB10029614F /* TaskBank.swift */ = {isa = PBXFileReference; fileEncoding = 4; lastKnownFileType = sourcecode.swift; path = TaskBank.swift; sourceTree = "<group>"; };
		8B0BC3E31E1B15EB0029614F /* TasksViewController.swift */ = {isa = PBXFileReference; fileEncoding = 4; lastKnownFileType = sourcecode.swift; path = TasksViewController.swift; sourceTree = "<group>"; };
		8B4696411E59668B009D28ED /* ReminderDate.swift */ = {isa = PBXFileReference; fileEncoding = 4; lastKnownFileType = sourcecode.swift; path = ReminderDate.swift; sourceTree = "<group>"; };
		8B504A001E68A12B0024B8EC /* AddOneTimeViewController.swift */ = {isa = PBXFileReference; fileEncoding = 4; lastKnownFileType = sourcecode.swift; path = AddOneTimeViewController.swift; sourceTree = "<group>"; };
		8B504A021E68C6760024B8EC /* AddRepetitiveViewController.swift */ = {isa = PBXFileReference; fileEncoding = 4; lastKnownFileType = sourcecode.swift; path = AddRepetitiveViewController.swift; sourceTree = "<group>"; };
		8B504A041E68F6EB0024B8EC /* AddTaskTimePickerController.swift */ = {isa = PBXFileReference; fileEncoding = 4; lastKnownFileType = sourcecode.swift; path = AddTaskTimePickerController.swift; sourceTree = "<group>"; };
		8B504A061E6904120024B8EC /* AddTaskIntPickerController.swift */ = {isa = PBXFileReference; fileEncoding = 4; lastKnownFileType = sourcecode.swift; path = AddTaskIntPickerController.swift; sourceTree = "<group>"; };
		8B5405B51E5C795700CEA435 /* NotesViewController.swift */ = {isa = PBXFileReference; fileEncoding = 4; lastKnownFileType = sourcecode.swift; path = NotesViewController.swift; sourceTree = "<group>"; };
		8B56C5821E699D7300E2341D /* OneTimeDetailController.swift */ = {isa = PBXFileReference; fileEncoding = 4; lastKnownFileType = sourcecode.swift; path = OneTimeDetailController.swift; sourceTree = "<group>"; };
		8B56C5841E69B21700E2341D /* CheckOffDetailController.swift */ = {isa = PBXFileReference; fileEncoding = 4; lastKnownFileType = sourcecode.swift; path = CheckOffDetailController.swift; sourceTree = "<group>"; };
		8B56C5861E69B93800E2341D /* TimedDetailController.swift */ = {isa = PBXFileReference; fileEncoding = 4; lastKnownFileType = sourcecode.swift; path = TimedDetailController.swift; sourceTree = "<group>"; };
		8B6CA3351E2A86A30036EC67 /* TaskCell.swift */ = {isa = PBXFileReference; fileEncoding = 4; lastKnownFileType = sourcecode.swift; path = TaskCell.swift; sourceTree = "<group>"; };
		8B73E7CA1E4FCEF100B0C032 /* Reminder.swift */ = {isa = PBXFileReference; fileEncoding = 4; lastKnownFileType = sourcecode.swift; path = Reminder.swift; sourceTree = "<group>"; };
		8B91C8841E595CCA0089F477 /* ReminderPickerController.swift */ = {isa = PBXFileReference; fileEncoding = 4; lastKnownFileType = sourcecode.swift; path = ReminderPickerController.swift; sourceTree = "<group>"; };
		8BDE5DF31E3ADDF90068B153 /* DayMonthYear.swift */ = {isa = PBXFileReference; fileEncoding = 4; lastKnownFileType = sourcecode.swift; path = DayMonthYear.swift; sourceTree = "<group>"; };
		8BFA5C331E3D72E80049E4C4 /* TimeSelectorViewController.swift */ = {isa = PBXFileReference; fileEncoding = 4; lastKnownFileType = sourcecode.swift; path = TimeSelectorViewController.swift; sourceTree = "<group>"; };
/* End PBXFileReference section */

/* Begin PBXFrameworksBuildPhase section */
		8B0BC3A91E1AE7590029614F /* Frameworks */ = {
			isa = PBXFrameworksBuildPhase;
			buildActionMask = 2147483647;
			files = (
			);
			runOnlyForDeploymentPostprocessing = 0;
		};
		8B0BC3BD1E1AE75A0029614F /* Frameworks */ = {
			isa = PBXFrameworksBuildPhase;
			buildActionMask = 2147483647;
			files = (
			);
			runOnlyForDeploymentPostprocessing = 0;
		};
		8B0BC3C81E1AE75A0029614F /* Frameworks */ = {
			isa = PBXFrameworksBuildPhase;
			buildActionMask = 2147483647;
			files = (
			);
			runOnlyForDeploymentPostprocessing = 0;
		};
/* End PBXFrameworksBuildPhase section */

/* Begin PBXGroup section */
		8B0BC3A31E1AE7590029614F = {
			isa = PBXGroup;
			children = (
				8B0BC3AE1E1AE7590029614F /* Priorities */,
				8B0BC3C31E1AE75A0029614F /* PrioritiesTests */,
				8B0BC3CE1E1AE75A0029614F /* PrioritiesUITests */,
				8B0BC3AD1E1AE7590029614F /* Products */,
			);
			sourceTree = "<group>";
		};
		8B0BC3AD1E1AE7590029614F /* Products */ = {
			isa = PBXGroup;
			children = (
				8B0BC3AC1E1AE7590029614F /* Priorities.app */,
				8B0BC3C01E1AE75A0029614F /* PrioritiesTests.xctest */,
				8B0BC3CB1E1AE75A0029614F /* PrioritiesUITests.xctest */,
			);
			name = Products;
			sourceTree = "<group>";
		};
		8B0BC3AE1E1AE7590029614F /* Priorities */ = {
			isa = PBXGroup;
			children = (
				8B6CA3371E2A95930036EC67 /* Suppporting FIles */,
				8B0BC3AF1E1AE7590029614F /* AppDelegate.swift */,
				8B0BC3B31E1AE75A0029614F /* Main.storyboard */,
				8B0BC3B61E1AE75A0029614F /* Assets.xcassets */,
				8B0BC3B81E1AE75A0029614F /* LaunchScreen.storyboard */,
				8B0BC3BB1E1AE75A0029614F /* Info.plist */,
				8B6317361E6AFFEE0047E9F2 /* Model Classes */,
				8B6317371E6AFFFC0047E9F2 /* Controller Classes */,
			);
			path = Priorities;
			sourceTree = "<group>";
		};
		8B0BC3C31E1AE75A0029614F /* PrioritiesTests */ = {
			isa = PBXGroup;
			children = (
				8B0BC3C41E1AE75A0029614F /* PrioritiesTests.swift */,
				8B0BC3C61E1AE75A0029614F /* Info.plist */,
			);
			path = PrioritiesTests;
			sourceTree = "<group>";
		};
		8B0BC3CE1E1AE75A0029614F /* PrioritiesUITests */ = {
			isa = PBXGroup;
			children = (
				8B0BC3CF1E1AE75A0029614F /* PrioritiesUITests.swift */,
				8B0BC3D11E1AE75A0029614F /* Info.plist */,
			);
			path = PrioritiesUITests;
			sourceTree = "<group>";
		};
		8B6317361E6AFFEE0047E9F2 /* Model Classes */ = {
			isa = PBXGroup;
			children = (
				8B0BC3DD1E1AE83D0029614F /* Task.swift */,
				8B0BC3DF1E1AEA0E0029614F /* HourMinSec.swift */,
				8BDE5DF31E3ADDF90068B153 /* DayMonthYear.swift */,
				8B4696411E59668B009D28ED /* ReminderDate.swift */,
				8B73E7CA1E4FCEF100B0C032 /* Reminder.swift */,
				8B0BC3E11E1B0FB10029614F /* TaskBank.swift */,
			);
			name = "Model Classes";
			sourceTree = "<group>";
		};
		8B6317371E6AFFFC0047E9F2 /* Controller Classes */ = {
			isa = PBXGroup;
			children = (
				8B63173A1E6B00B40047E9F2 /* Main Screen Table */,
				8B6317391E6B00720047E9F2 /* Add Task */,
				8B6317381E6B00370047E9F2 /* Detail View */,
				8B5405B51E5C795700CEA435 /* NotesViewController.swift */,
				8B91C8841E595CCA0089F477 /* ReminderPickerController.swift */,
			);
			name = "Controller Classes";
			sourceTree = "<group>";
		};
		8B6317381E6B00370047E9F2 /* Detail View */ = {
			isa = PBXGroup;
			children = (
				8B56C5821E699D7300E2341D /* OneTimeDetailController.swift */,
				8B56C5841E69B21700E2341D /* CheckOffDetailController.swift */,
				8B56C5861E69B93800E2341D /* TimedDetailController.swift */,
				8BFA5C331E3D72E80049E4C4 /* TimeSelectorViewController.swift */,
			);
			name = "Detail View";
			sourceTree = "<group>";
		};
		8B6317391E6B00720047E9F2 /* Add Task */ = {
			isa = PBXGroup;
			children = (
				8B504A001E68A12B0024B8EC /* AddOneTimeViewController.swift */,
				8B504A021E68C6760024B8EC /* AddRepetitiveViewController.swift */,
				8B504A061E6904120024B8EC /* AddTaskIntPickerController.swift */,
				8B504A041E68F6EB0024B8EC /* AddTaskTimePickerController.swift */,
			);
			name = "Add Task";
			sourceTree = "<group>";
		};
		8B63173A1E6B00B40047E9F2 /* Main Screen Table */ = {
			isa = PBXGroup;
			children = (
				8B0BC3E31E1B15EB0029614F /* TasksViewController.swift */,
				8B6CA3351E2A86A30036EC67 /* TaskCell.swift */,
			);
			name = "Main Screen Table";
			sourceTree = "<group>";
		};
		8B6CA3371E2A95930036EC67 /* Suppporting FIles */ = {
			isa = PBXGroup;
			children = (
			);
			name = "Suppporting FIles";
			sourceTree = "<group>";
		};
/* End PBXGroup section */

/* Begin PBXNativeTarget section */
		8B0BC3AB1E1AE7590029614F /* Priorities */ = {
			isa = PBXNativeTarget;
			buildConfigurationList = 8B0BC3D41E1AE75A0029614F /* Build configuration list for PBXNativeTarget "Priorities" */;
			buildPhases = (
				8B0BC3A81E1AE7590029614F /* Sources */,
				8B0BC3A91E1AE7590029614F /* Frameworks */,
				8B0BC3AA1E1AE7590029614F /* Resources */,
			);
			buildRules = (
			);
			dependencies = (
			);
			name = Priorities;
			productName = Priorities;
			productReference = 8B0BC3AC1E1AE7590029614F /* Priorities.app */;
			productType = "com.apple.product-type.application";
		};
		8B0BC3BF1E1AE75A0029614F /* PrioritiesTests */ = {
			isa = PBXNativeTarget;
			buildConfigurationList = 8B0BC3D71E1AE75A0029614F /* Build configuration list for PBXNativeTarget "PrioritiesTests" */;
			buildPhases = (
				8B0BC3BC1E1AE75A0029614F /* Sources */,
				8B0BC3BD1E1AE75A0029614F /* Frameworks */,
				8B0BC3BE1E1AE75A0029614F /* Resources */,
			);
			buildRules = (
			);
			dependencies = (
				8B0BC3C21E1AE75A0029614F /* PBXTargetDependency */,
			);
			name = PrioritiesTests;
			productName = PrioritiesTests;
			productReference = 8B0BC3C01E1AE75A0029614F /* PrioritiesTests.xctest */;
			productType = "com.apple.product-type.bundle.unit-test";
		};
		8B0BC3CA1E1AE75A0029614F /* PrioritiesUITests */ = {
			isa = PBXNativeTarget;
			buildConfigurationList = 8B0BC3DA1E1AE75A0029614F /* Build configuration list for PBXNativeTarget "PrioritiesUITests" */;
			buildPhases = (
				8B0BC3C71E1AE75A0029614F /* Sources */,
				8B0BC3C81E1AE75A0029614F /* Frameworks */,
				8B0BC3C91E1AE75A0029614F /* Resources */,
			);
			buildRules = (
			);
			dependencies = (
				8B0BC3CD1E1AE75A0029614F /* PBXTargetDependency */,
			);
			name = PrioritiesUITests;
			productName = PrioritiesUITests;
			productReference = 8B0BC3CB1E1AE75A0029614F /* PrioritiesUITests.xctest */;
			productType = "com.apple.product-type.bundle.ui-testing";
		};
/* End PBXNativeTarget section */

/* Begin PBXProject section */
		8B0BC3A41E1AE7590029614F /* Project object */ = {
			isa = PBXProject;
			attributes = {
				LastSwiftUpdateCheck = 0820;
				LastUpgradeCheck = 0820;
				ORGANIZATIONNAME = "Jacob Covey";
				TargetAttributes = {
					8B0BC3AB1E1AE7590029614F = {
						CreatedOnToolsVersion = 8.2.1;
						DevelopmentTeam = QBY6T6WGMK;
						ProvisioningStyle = Automatic;
					};
					8B0BC3BF1E1AE75A0029614F = {
						CreatedOnToolsVersion = 8.2.1;
						ProvisioningStyle = Automatic;
						TestTargetID = 8B0BC3AB1E1AE7590029614F;
					};
					8B0BC3CA1E1AE75A0029614F = {
						CreatedOnToolsVersion = 8.2.1;
						ProvisioningStyle = Automatic;
						TestTargetID = 8B0BC3AB1E1AE7590029614F;
					};
				};
			};
			buildConfigurationList = 8B0BC3A71E1AE7590029614F /* Build configuration list for PBXProject "Priorities" */;
			compatibilityVersion = "Xcode 3.2";
			developmentRegion = English;
			hasScannedForEncodings = 0;
			knownRegions = (
				en,
				Base,
			);
			mainGroup = 8B0BC3A31E1AE7590029614F;
			productRefGroup = 8B0BC3AD1E1AE7590029614F /* Products */;
			projectDirPath = "";
			projectRoot = "";
			targets = (
				8B0BC3AB1E1AE7590029614F /* Priorities */,
				8B0BC3BF1E1AE75A0029614F /* PrioritiesTests */,
				8B0BC3CA1E1AE75A0029614F /* PrioritiesUITests */,
			);
		};
/* End PBXProject section */

/* Begin PBXResourcesBuildPhase section */
		8B0BC3AA1E1AE7590029614F /* Resources */ = {
			isa = PBXResourcesBuildPhase;
			buildActionMask = 2147483647;
			files = (
				8B0BC3BA1E1AE75A0029614F /* LaunchScreen.storyboard in Resources */,
				8B0BC3B71E1AE75A0029614F /* Assets.xcassets in Resources */,
				8B0BC3B51E1AE75A0029614F /* Main.storyboard in Resources */,
			);
			runOnlyForDeploymentPostprocessing = 0;
		};
		8B0BC3BE1E1AE75A0029614F /* Resources */ = {
			isa = PBXResourcesBuildPhase;
			buildActionMask = 2147483647;
			files = (
			);
			runOnlyForDeploymentPostprocessing = 0;
		};
		8B0BC3C91E1AE75A0029614F /* Resources */ = {
			isa = PBXResourcesBuildPhase;
			buildActionMask = 2147483647;
			files = (
			);
			runOnlyForDeploymentPostprocessing = 0;
		};
/* End PBXResourcesBuildPhase section */

/* Begin PBXSourcesBuildPhase section */
		8B0BC3A81E1AE7590029614F /* Sources */ = {
			isa = PBXSourcesBuildPhase;
			buildActionMask = 2147483647;
			files = (
				8B56C5871E69B93800E2341D /* TimedDetailController.swift in Sources */,
				8B4696421E59668B009D28ED /* ReminderDate.swift in Sources */,
				8B73E7CB1E4FCEF100B0C032 /* Reminder.swift in Sources */,
				8BFA5C341E3D72E80049E4C4 /* TimeSelectorViewController.swift in Sources */,
				8B0BC3E21E1B0FB10029614F /* TaskBank.swift in Sources */,
				8BDE5DF41E3ADDF90068B153 /* DayMonthYear.swift in Sources */,
				8B0BC3DE1E1AE83D0029614F /* Task.swift in Sources */,
				8B504A031E68C6760024B8EC /* AddRepetitiveViewController.swift in Sources */,
				8B5405B61E5C795700CEA435 /* NotesViewController.swift in Sources */,
				8B504A011E68A12B0024B8EC /* AddOneTimeViewController.swift in Sources */,
				8B0BC3E41E1B15EB0029614F /* TasksViewController.swift in Sources */,
				8B504A051E68F6EB0024B8EC /* AddTaskTimePickerController.swift in Sources */,
				8B91C8851E595CCA0089F477 /* ReminderPickerController.swift in Sources */,
				8B0BC3B01E1AE7590029614F /* AppDelegate.swift in Sources */,
				8B56C5831E699D7300E2341D /* OneTimeDetailController.swift in Sources */,
				8B6CA3361E2A86A30036EC67 /* TaskCell.swift in Sources */,
				8B504A071E6904120024B8EC /* AddTaskIntPickerController.swift in Sources */,
				8B0BC3E01E1AEA0E0029614F /* HourMinSec.swift in Sources */,
				8B56C5851E69B21700E2341D /* CheckOffDetailController.swift in Sources */,
			);
			runOnlyForDeploymentPostprocessing = 0;
		};
		8B0BC3BC1E1AE75A0029614F /* Sources */ = {
			isa = PBXSourcesBuildPhase;
			buildActionMask = 2147483647;
			files = (
				8B0BC3C51E1AE75A0029614F /* PrioritiesTests.swift in Sources */,
			);
			runOnlyForDeploymentPostprocessing = 0;
		};
		8B0BC3C71E1AE75A0029614F /* Sources */ = {
			isa = PBXSourcesBuildPhase;
			buildActionMask = 2147483647;
			files = (
				8B0BC3D01E1AE75A0029614F /* PrioritiesUITests.swift in Sources */,
			);
			runOnlyForDeploymentPostprocessing = 0;
		};
/* End PBXSourcesBuildPhase section */

/* Begin PBXTargetDependency section */
		8B0BC3C21E1AE75A0029614F /* PBXTargetDependency */ = {
			isa = PBXTargetDependency;
			target = 8B0BC3AB1E1AE7590029614F /* Priorities */;
			targetProxy = 8B0BC3C11E1AE75A0029614F /* PBXContainerItemProxy */;
		};
		8B0BC3CD1E1AE75A0029614F /* PBXTargetDependency */ = {
			isa = PBXTargetDependency;
			target = 8B0BC3AB1E1AE7590029614F /* Priorities */;
			targetProxy = 8B0BC3CC1E1AE75A0029614F /* PBXContainerItemProxy */;
		};
/* End PBXTargetDependency section */

/* Begin PBXVariantGroup section */
		8B0BC3B31E1AE75A0029614F /* Main.storyboard */ = {
			isa = PBXVariantGroup;
			children = (
				8B0BC3B41E1AE75A0029614F /* Base */,
			);
			name = Main.storyboard;
			sourceTree = "<group>";
		};
		8B0BC3B81E1AE75A0029614F /* LaunchScreen.storyboard */ = {
			isa = PBXVariantGroup;
			children = (
				8B0BC3B91E1AE75A0029614F /* Base */,
			);
			name = LaunchScreen.storyboard;
			sourceTree = "<group>";
		};
/* End PBXVariantGroup section */

/* Begin XCBuildConfiguration section */
		8B0BC3D21E1AE75A0029614F /* Debug */ = {
			isa = XCBuildConfiguration;
			buildSettings = {
				ALWAYS_SEARCH_USER_PATHS = NO;
				CLANG_ANALYZER_NONNULL = YES;
				CLANG_CXX_LANGUAGE_STANDARD = "gnu++0x";
				CLANG_CXX_LIBRARY = "libc++";
				CLANG_ENABLE_MODULES = YES;
				CLANG_ENABLE_OBJC_ARC = YES;
				CLANG_WARN_BOOL_CONVERSION = YES;
				CLANG_WARN_CONSTANT_CONVERSION = YES;
				CLANG_WARN_DIRECT_OBJC_ISA_USAGE = YES_ERROR;
				CLANG_WARN_DOCUMENTATION_COMMENTS = YES;
				CLANG_WARN_EMPTY_BODY = YES;
				CLANG_WARN_ENUM_CONVERSION = YES;
				CLANG_WARN_INFINITE_RECURSION = YES;
				CLANG_WARN_INT_CONVERSION = YES;
				CLANG_WARN_OBJC_ROOT_CLASS = YES_ERROR;
				CLANG_WARN_SUSPICIOUS_MOVE = YES;
				CLANG_WARN_UNREACHABLE_CODE = YES;
				CLANG_WARN__DUPLICATE_METHOD_MATCH = YES;
				"CODE_SIGN_IDENTITY[sdk=iphoneos*]" = "iPhone Developer";
				COPY_PHASE_STRIP = NO;
				DEBUG_INFORMATION_FORMAT = dwarf;
				ENABLE_STRICT_OBJC_MSGSEND = YES;
				ENABLE_TESTABILITY = YES;
				GCC_C_LANGUAGE_STANDARD = gnu99;
				GCC_DYNAMIC_NO_PIC = NO;
				GCC_NO_COMMON_BLOCKS = YES;
				GCC_OPTIMIZATION_LEVEL = 0;
				GCC_PREPROCESSOR_DEFINITIONS = (
					"DEBUG=1",
					"$(inherited)",
				);
				GCC_WARN_64_TO_32_BIT_CONVERSION = YES;
				GCC_WARN_ABOUT_RETURN_TYPE = YES_ERROR;
				GCC_WARN_UNDECLARED_SELECTOR = YES;
				GCC_WARN_UNINITIALIZED_AUTOS = YES_AGGRESSIVE;
				GCC_WARN_UNUSED_FUNCTION = YES;
				GCC_WARN_UNUSED_VARIABLE = YES;
				IPHONEOS_DEPLOYMENT_TARGET = 10.2;
				MTL_ENABLE_DEBUG_INFO = YES;
				ONLY_ACTIVE_ARCH = YES;
				SDKROOT = iphoneos;
				SWIFT_ACTIVE_COMPILATION_CONDITIONS = DEBUG;
				SWIFT_OPTIMIZATION_LEVEL = "-Onone";
				TARGETED_DEVICE_FAMILY = "1,2";
			};
			name = Debug;
		};
		8B0BC3D31E1AE75A0029614F /* Release */ = {
			isa = XCBuildConfiguration;
			buildSettings = {
				ALWAYS_SEARCH_USER_PATHS = NO;
				CLANG_ANALYZER_NONNULL = YES;
				CLANG_CXX_LANGUAGE_STANDARD = "gnu++0x";
				CLANG_CXX_LIBRARY = "libc++";
				CLANG_ENABLE_MODULES = YES;
				CLANG_ENABLE_OBJC_ARC = YES;
				CLANG_WARN_BOOL_CONVERSION = YES;
				CLANG_WARN_CONSTANT_CONVERSION = YES;
				CLANG_WARN_DIRECT_OBJC_ISA_USAGE = YES_ERROR;
				CLANG_WARN_DOCUMENTATION_COMMENTS = YES;
				CLANG_WARN_EMPTY_BODY = YES;
				CLANG_WARN_ENUM_CONVERSION = YES;
				CLANG_WARN_INFINITE_RECURSION = YES;
				CLANG_WARN_INT_CONVERSION = YES;
				CLANG_WARN_OBJC_ROOT_CLASS = YES_ERROR;
				CLANG_WARN_SUSPICIOUS_MOVE = YES;
				CLANG_WARN_UNREACHABLE_CODE = YES;
				CLANG_WARN__DUPLICATE_METHOD_MATCH = YES;
				"CODE_SIGN_IDENTITY[sdk=iphoneos*]" = "iPhone Developer";
				COPY_PHASE_STRIP = NO;
				DEBUG_INFORMATION_FORMAT = "dwarf-with-dsym";
				ENABLE_NS_ASSERTIONS = NO;
				ENABLE_STRICT_OBJC_MSGSEND = YES;
				GCC_C_LANGUAGE_STANDARD = gnu99;
				GCC_NO_COMMON_BLOCKS = YES;
				GCC_WARN_64_TO_32_BIT_CONVERSION = YES;
				GCC_WARN_ABOUT_RETURN_TYPE = YES_ERROR;
				GCC_WARN_UNDECLARED_SELECTOR = YES;
				GCC_WARN_UNINITIALIZED_AUTOS = YES_AGGRESSIVE;
				GCC_WARN_UNUSED_FUNCTION = YES;
				GCC_WARN_UNUSED_VARIABLE = YES;
				IPHONEOS_DEPLOYMENT_TARGET = 10.2;
				MTL_ENABLE_DEBUG_INFO = NO;
				SDKROOT = iphoneos;
				SWIFT_OPTIMIZATION_LEVEL = "-Owholemodule";
				TARGETED_DEVICE_FAMILY = "1,2";
				VALIDATE_PRODUCT = YES;
			};
			name = Release;
		};
		8B0BC3D51E1AE75A0029614F /* Debug */ = {
			isa = XCBuildConfiguration;
			buildSettings = {
				ASSETCATALOG_COMPILER_APPICON_NAME = AppIcon;
				DEVELOPMENT_TEAM = QBY6T6WGMK;
				INFOPLIST_FILE = Priorities/Info.plist;
				IPHONEOS_DEPLOYMENT_TARGET = 11.0;
				LD_RUNPATH_SEARCH_PATHS = "$(inherited) @executable_path/Frameworks";
				PRODUCT_BUNDLE_IDENTIFIER = com.jpc.Priorities;
				PRODUCT_NAME = "$(TARGET_NAME)";
				SWIFT_VERSION = 3.0;
				TARGETED_DEVICE_FAMILY = 1;
			};
			name = Debug;
		};
		8B0BC3D61E1AE75A0029614F /* Release */ = {
			isa = XCBuildConfiguration;
			buildSettings = {
				ASSETCATALOG_COMPILER_APPICON_NAME = AppIcon;
				DEVELOPMENT_TEAM = QBY6T6WGMK;
				INFOPLIST_FILE = Priorities/Info.plist;
				IPHONEOS_DEPLOYMENT_TARGET = 11.0;
				LD_RUNPATH_SEARCH_PATHS = "$(inherited) @executable_path/Frameworks";
				PRODUCT_BUNDLE_IDENTIFIER = com.jpc.Priorities;
				PRODUCT_NAME = "$(TARGET_NAME)";
				SWIFT_VERSION = 3.0;
				TARGETED_DEVICE_FAMILY = 1;
			};
			name = Release;
		};
		8B0BC3D81E1AE75A0029614F /* Debug */ = {
			isa = XCBuildConfiguration;
			buildSettings = {
				ALWAYS_EMBED_SWIFT_STANDARD_LIBRARIES = YES;
				BUNDLE_LOADER = "$(TEST_HOST)";
				INFOPLIST_FILE = PrioritiesTests/Info.plist;
				LD_RUNPATH_SEARCH_PATHS = "$(inherited) @executable_path/Frameworks @loader_path/Frameworks";
				PRODUCT_BUNDLE_IDENTIFIER = com.jpc.PrioritiesTests;
				PRODUCT_NAME = "$(TARGET_NAME)";
				SWIFT_VERSION = 3.0;
				TEST_HOST = "$(BUILT_PRODUCTS_DIR)/Priorities.app/Priorities";
			};
			name = Debug;
		};
		8B0BC3D91E1AE75A0029614F /* Release */ = {
			isa = XCBuildConfiguration;
			buildSettings = {
				ALWAYS_EMBED_SWIFT_STANDARD_LIBRARIES = YES;
				BUNDLE_LOADER = "$(TEST_HOST)";
				INFOPLIST_FILE = PrioritiesTests/Info.plist;
				LD_RUNPATH_SEARCH_PATHS = "$(inherited) @executable_path/Frameworks @loader_path/Frameworks";
				PRODUCT_BUNDLE_IDENTIFIER = com.jpc.PrioritiesTests;
				PRODUCT_NAME = "$(TARGET_NAME)";
				SWIFT_VERSION = 3.0;
				TEST_HOST = "$(BUILT_PRODUCTS_DIR)/Priorities.app/Priorities";
			};
			name = Release;
		};
		8B0BC3DB1E1AE75A0029614F /* Debug */ = {
			isa = XCBuildConfiguration;
			buildSettings = {
				ALWAYS_EMBED_SWIFT_STANDARD_LIBRARIES = YES;
				INFOPLIST_FILE = PrioritiesUITests/Info.plist;
				LD_RUNPATH_SEARCH_PATHS = "$(inherited) @executable_path/Frameworks @loader_path/Frameworks";
				PRODUCT_BUNDLE_IDENTIFIER = com.jpc.PrioritiesUITests;
				PRODUCT_NAME = "$(TARGET_NAME)";
				SWIFT_VERSION = 3.0;
				TEST_TARGET_NAME = Priorities;
			};
			name = Debug;
		};
		8B0BC3DC1E1AE75A0029614F /* Release */ = {
			isa = XCBuildConfiguration;
			buildSettings = {
				ALWAYS_EMBED_SWIFT_STANDARD_LIBRARIES = YES;
				INFOPLIST_FILE = PrioritiesUITests/Info.plist;
				LD_RUNPATH_SEARCH_PATHS = "$(inherited) @executable_path/Frameworks @loader_path/Frameworks";
				PRODUCT_BUNDLE_IDENTIFIER = com.jpc.PrioritiesUITests;
				PRODUCT_NAME = "$(TARGET_NAME)";
				SWIFT_VERSION = 3.0;
				TEST_TARGET_NAME = Priorities;
			};
			name = Release;
		};
/* End XCBuildConfiguration section */

/* Begin XCConfigurationList section */
		8B0BC3A71E1AE7590029614F /* Build configuration list for PBXProject "Priorities" */ = {
			isa = XCConfigurationList;
			buildConfigurations = (
				8B0BC3D21E1AE75A0029614F /* Debug */,
				8B0BC3D31E1AE75A0029614F /* Release */,
			);
			defaultConfigurationIsVisible = 0;
			defaultConfigurationName = Release;
		};
		8B0BC3D41E1AE75A0029614F /* Build configuration list for PBXNativeTarget "Priorities" */ = {
			isa = XCConfigurationList;
			buildConfigurations = (
				8B0BC3D51E1AE75A0029614F /* Debug */,
				8B0BC3D61E1AE75A0029614F /* Release */,
			);
			defaultConfigurationIsVisible = 0;
			defaultConfigurationName = Release;
		};
		8B0BC3D71E1AE75A0029614F /* Build configuration list for PBXNativeTarget "PrioritiesTests" */ = {
			isa = XCConfigurationList;
			buildConfigurations = (
				8B0BC3D81E1AE75A0029614F /* Debug */,
				8B0BC3D91E1AE75A0029614F /* Release */,
			);
			defaultConfigurationIsVisible = 0;
			defaultConfigurationName = Release;
		};
		8B0BC3DA1E1AE75A0029614F /* Build configuration list for PBXNativeTarget "PrioritiesUITests" */ = {
			isa = XCConfigurationList;
			buildConfigurations = (
				8B0BC3DB1E1AE75A0029614F /* Debug */,
				8B0BC3DC1E1AE75A0029614F /* Release */,
			);
			defaultConfigurationIsVisible = 0;
			defaultConfigurationName = Release;
		};
/* End XCConfigurationList section */
	};
	rootObject = 8B0BC3A41E1AE7590029614F /* Project object */;
}
